// !$*UTF8*$!
{
	archiveVersion = 1;
	classes = {
	};
	objectVersion = 50;
	objects = {

/* Begin PBXBuildFile section */
		08C93CD123269EC700B761AA /* AppDelegate.swift in Sources */ = {isa = PBXBuildFile; fileRef = 08C93CD023269EC700B761AA /* AppDelegate.swift */; };
		08C93CD323269EC700B761AA /* ViewController.swift in Sources */ = {isa = PBXBuildFile; fileRef = 08C93CD223269EC700B761AA /* ViewController.swift */; };
		08C93CD623269EC700B761AA /* Main.storyboard in Resources */ = {isa = PBXBuildFile; fileRef = 08C93CD423269EC700B761AA /* Main.storyboard */; };
		08C93CD823269EC800B761AA /* Assets.xcassets in Resources */ = {isa = PBXBuildFile; fileRef = 08C93CD723269EC800B761AA /* Assets.xcassets */; };
		08C93CDB23269EC800B761AA /* LaunchScreen.storyboard in Resources */ = {isa = PBXBuildFile; fileRef = 08C93CD923269EC800B761AA /* LaunchScreen.storyboard */; };
		08C93CE623269EC800B761AA /* Project_0Tests.swift in Sources */ = {isa = PBXBuildFile; fileRef = 08C93CE523269EC800B761AA /* Project_0Tests.swift */; };
		08C93CF123269EC800B761AA /* Project_0UITests.swift in Sources */ = {isa = PBXBuildFile; fileRef = 08C93CF023269EC800B761AA /* Project_0UITests.swift */; };
/* End PBXBuildFile section */

/* Begin PBXContainerItemProxy section */
		08C93CE223269EC800B761AA /* PBXContainerItemProxy */ = {
			isa = PBXContainerItemProxy;
			containerPortal = 08C93CC523269EC700B761AA /* Project object */;
			proxyType = 1;
			remoteGlobalIDString = 08C93CCC23269EC700B761AA;
			remoteInfo = "Project 0";
		};
		08C93CED23269EC800B761AA /* PBXContainerItemProxy */ = {
			isa = PBXContainerItemProxy;
			containerPortal = 08C93CC523269EC700B761AA /* Project object */;
			proxyType = 1;
			remoteGlobalIDString = 08C93CCC23269EC700B761AA;
			remoteInfo = "Project 0";
		};
/* End PBXContainerItemProxy section */

/* Begin PBXFileReference section */
		08C93CCD23269EC700B761AA /* Scoutradioz.app */ = {isa = PBXFileReference; explicitFileType = wrapper.application; includeInIndex = 0; path = Scoutradioz.app; sourceTree = BUILT_PRODUCTS_DIR; };
		08C93CD023269EC700B761AA /* AppDelegate.swift */ = {isa = PBXFileReference; lastKnownFileType = sourcecode.swift; path = AppDelegate.swift; sourceTree = "<group>"; };
		08C93CD223269EC700B761AA /* ViewController.swift */ = {isa = PBXFileReference; lastKnownFileType = sourcecode.swift; path = ViewController.swift; sourceTree = "<group>"; };
		08C93CD523269EC700B761AA /* Base */ = {isa = PBXFileReference; lastKnownFileType = file.storyboard; name = Base; path = Base.lproj/Main.storyboard; sourceTree = "<group>"; };
		08C93CD723269EC800B761AA /* Assets.xcassets */ = {isa = PBXFileReference; lastKnownFileType = folder.assetcatalog; path = Assets.xcassets; sourceTree = "<group>"; };
		08C93CDA23269EC800B761AA /* Base */ = {isa = PBXFileReference; lastKnownFileType = file.storyboard; name = Base; path = Base.lproj/LaunchScreen.storyboard; sourceTree = "<group>"; };
		08C93CDC23269EC800B761AA /* Info.plist */ = {isa = PBXFileReference; lastKnownFileType = text.plist.xml; path = Info.plist; sourceTree = "<group>"; };
		08C93CE123269EC800B761AA /* Project 0Tests.xctest */ = {isa = PBXFileReference; explicitFileType = wrapper.cfbundle; includeInIndex = 0; path = "Project 0Tests.xctest"; sourceTree = BUILT_PRODUCTS_DIR; };
		08C93CE523269EC800B761AA /* Project_0Tests.swift */ = {isa = PBXFileReference; lastKnownFileType = sourcecode.swift; path = Project_0Tests.swift; sourceTree = "<group>"; };
		08C93CE723269EC800B761AA /* Info.plist */ = {isa = PBXFileReference; lastKnownFileType = text.plist.xml; path = Info.plist; sourceTree = "<group>"; };
		08C93CEC23269EC800B761AA /* Project 0UITests.xctest */ = {isa = PBXFileReference; explicitFileType = wrapper.cfbundle; includeInIndex = 0; path = "Project 0UITests.xctest"; sourceTree = BUILT_PRODUCTS_DIR; };
		08C93CF023269EC800B761AA /* Project_0UITests.swift */ = {isa = PBXFileReference; lastKnownFileType = sourcecode.swift; path = Project_0UITests.swift; sourceTree = "<group>"; };
		08C93CF223269EC800B761AA /* Info.plist */ = {isa = PBXFileReference; lastKnownFileType = text.plist.xml; path = Info.plist; sourceTree = "<group>"; };
/* End PBXFileReference section */

/* Begin PBXFrameworksBuildPhase section */
		08C93CCA23269EC700B761AA /* Frameworks */ = {
			isa = PBXFrameworksBuildPhase;
			buildActionMask = 2147483647;
			files = (
			);
			runOnlyForDeploymentPostprocessing = 0;
		};
		08C93CDE23269EC800B761AA /* Frameworks */ = {
			isa = PBXFrameworksBuildPhase;
			buildActionMask = 2147483647;
			files = (
			);
			runOnlyForDeploymentPostprocessing = 0;
		};
		08C93CE923269EC800B761AA /* Frameworks */ = {
			isa = PBXFrameworksBuildPhase;
			buildActionMask = 2147483647;
			files = (
			);
			runOnlyForDeploymentPostprocessing = 0;
		};
/* End PBXFrameworksBuildPhase section */

/* Begin PBXGroup section */
		08C93CC423269EC700B761AA = {
			isa = PBXGroup;
			children = (
				08C93CCF23269EC700B761AA /* Project 0 */,
				08C93CE423269EC800B761AA /* Project 0Tests */,
				08C93CEF23269EC800B761AA /* Project 0UITests */,
				08C93CCE23269EC700B761AA /* Products */,
			);
			sourceTree = "<group>";
		};
		08C93CCE23269EC700B761AA /* Products */ = {
			isa = PBXGroup;
			children = (
				08C93CCD23269EC700B761AA /* Scoutradioz.app */,
				08C93CE123269EC800B761AA /* Project 0Tests.xctest */,
				08C93CEC23269EC800B761AA /* Project 0UITests.xctest */,
			);
			name = Products;
			sourceTree = "<group>";
		};
		08C93CCF23269EC700B761AA /* Project 0 */ = {
			isa = PBXGroup;
			children = (
				08C93CD023269EC700B761AA /* AppDelegate.swift */,
				08C93CD223269EC700B761AA /* ViewController.swift */,
				08C93CD423269EC700B761AA /* Main.storyboard */,
				08C93CD723269EC800B761AA /* Assets.xcassets */,
				08C93CD923269EC800B761AA /* LaunchScreen.storyboard */,
				08C93CDC23269EC800B761AA /* Info.plist */,
			);
			path = "Project 0";
			sourceTree = "<group>";
		};
		08C93CE423269EC800B761AA /* Project 0Tests */ = {
			isa = PBXGroup;
			children = (
				08C93CE523269EC800B761AA /* Project_0Tests.swift */,
				08C93CE723269EC800B761AA /* Info.plist */,
			);
			path = "Project 0Tests";
			sourceTree = "<group>";
		};
		08C93CEF23269EC800B761AA /* Project 0UITests */ = {
			isa = PBXGroup;
			children = (
				08C93CF023269EC800B761AA /* Project_0UITests.swift */,
				08C93CF223269EC800B761AA /* Info.plist */,
			);
			path = "Project 0UITests";
			sourceTree = "<group>";
		};
/* End PBXGroup section */

/* Begin PBXNativeTarget section */
		08C93CCC23269EC700B761AA /* Project 0 */ = {
			isa = PBXNativeTarget;
			buildConfigurationList = 08C93CF523269EC800B761AA /* Build configuration list for PBXNativeTarget "Project 0" */;
			buildPhases = (
				08C93CC923269EC700B761AA /* Sources */,
				08C93CCA23269EC700B761AA /* Frameworks */,
				08C93CCB23269EC700B761AA /* Resources */,
			);
			buildRules = (
			);
			dependencies = (
			);
			name = "Project 0";
			productName = "Project 0";
			productReference = 08C93CCD23269EC700B761AA /* Scoutradioz.app */;
			productType = "com.apple.product-type.application";
		};
		08C93CE023269EC800B761AA /* Project 0Tests */ = {
			isa = PBXNativeTarget;
			buildConfigurationList = 08C93CF823269EC800B761AA /* Build configuration list for PBXNativeTarget "Project 0Tests" */;
			buildPhases = (
				08C93CDD23269EC800B761AA /* Sources */,
				08C93CDE23269EC800B761AA /* Frameworks */,
				08C93CDF23269EC800B761AA /* Resources */,
			);
			buildRules = (
			);
			dependencies = (
				08C93CE323269EC800B761AA /* PBXTargetDependency */,
			);
			name = "Project 0Tests";
			productName = "Project 0Tests";
			productReference = 08C93CE123269EC800B761AA /* Project 0Tests.xctest */;
			productType = "com.apple.product-type.bundle.unit-test";
		};
		08C93CEB23269EC800B761AA /* Project 0UITests */ = {
			isa = PBXNativeTarget;
			buildConfigurationList = 08C93CFB23269EC800B761AA /* Build configuration list for PBXNativeTarget "Project 0UITests" */;
			buildPhases = (
				08C93CE823269EC800B761AA /* Sources */,
				08C93CE923269EC800B761AA /* Frameworks */,
				08C93CEA23269EC800B761AA /* Resources */,
			);
			buildRules = (
			);
			dependencies = (
				08C93CEE23269EC800B761AA /* PBXTargetDependency */,
			);
			name = "Project 0UITests";
			productName = "Project 0UITests";
			productReference = 08C93CEC23269EC800B761AA /* Project 0UITests.xctest */;
			productType = "com.apple.product-type.bundle.ui-testing";
		};
/* End PBXNativeTarget section */

/* Begin PBXProject section */
		08C93CC523269EC700B761AA /* Project object */ = {
			isa = PBXProject;
			attributes = {
				LastSwiftUpdateCheck = 1030;
				LastUpgradeCheck = 1030;
				ORGANIZATIONNAME = "Landrieu, William";
				TargetAttributes = {
					08C93CCC23269EC700B761AA = {
						CreatedOnToolsVersion = 10.3;
					};
					08C93CE023269EC800B761AA = {
						CreatedOnToolsVersion = 10.3;
						TestTargetID = 08C93CCC23269EC700B761AA;
					};
					08C93CEB23269EC800B761AA = {
						CreatedOnToolsVersion = 10.3;
						TestTargetID = 08C93CCC23269EC700B761AA;
					};
				};
			};
			buildConfigurationList = 08C93CC823269EC700B761AA /* Build configuration list for PBXProject "Project 0" */;
			compatibilityVersion = "Xcode 9.3";
			developmentRegion = en;
			hasScannedForEncodings = 0;
			knownRegions = (
				en,
				Base,
			);
			mainGroup = 08C93CC423269EC700B761AA;
			productRefGroup = 08C93CCE23269EC700B761AA /* Products */;
			projectDirPath = "";
			projectRoot = "";
			targets = (
				08C93CCC23269EC700B761AA /* Project 0 */,
				08C93CE023269EC800B761AA /* Project 0Tests */,
				08C93CEB23269EC800B761AA /* Project 0UITests */,
			);
		};
/* End PBXProject section */

/* Begin PBXResourcesBuildPhase section */
		08C93CCB23269EC700B761AA /* Resources */ = {
			isa = PBXResourcesBuildPhase;
			buildActionMask = 2147483647;
			files = (
				08C93CDB23269EC800B761AA /* LaunchScreen.storyboard in Resources */,
				08C93CD823269EC800B761AA /* Assets.xcassets in Resources */,
				08C93CD623269EC700B761AA /* Main.storyboard in Resources */,
			);
			runOnlyForDeploymentPostprocessing = 0;
		};
		08C93CDF23269EC800B761AA /* Resources */ = {
			isa = PBXResourcesBuildPhase;
			buildActionMask = 2147483647;
			files = (
			);
			runOnlyForDeploymentPostprocessing = 0;
		};
		08C93CEA23269EC800B761AA /* Resources */ = {
			isa = PBXResourcesBuildPhase;
			buildActionMask = 2147483647;
			files = (
			);
			runOnlyForDeploymentPostprocessing = 0;
		};
/* End PBXResourcesBuildPhase section */

/* Begin PBXSourcesBuildPhase section */
		08C93CC923269EC700B761AA /* Sources */ = {
			isa = PBXSourcesBuildPhase;
			buildActionMask = 2147483647;
			files = (
				08C93CD323269EC700B761AA /* ViewController.swift in Sources */,
				08C93CD123269EC700B761AA /* AppDelegate.swift in Sources */,
			);
			runOnlyForDeploymentPostprocessing = 0;
		};
		08C93CDD23269EC800B761AA /* Sources */ = {
			isa = PBXSourcesBuildPhase;
			buildActionMask = 2147483647;
			files = (
				08C93CE623269EC800B761AA /* Project_0Tests.swift in Sources */,
			);
			runOnlyForDeploymentPostprocessing = 0;
		};
		08C93CE823269EC800B761AA /* Sources */ = {
			isa = PBXSourcesBuildPhase;
			buildActionMask = 2147483647;
			files = (
				08C93CF123269EC800B761AA /* Project_0UITests.swift in Sources */,
			);
			runOnlyForDeploymentPostprocessing = 0;
		};
/* End PBXSourcesBuildPhase section */

/* Begin PBXTargetDependency section */
		08C93CE323269EC800B761AA /* PBXTargetDependency */ = {
			isa = PBXTargetDependency;
			target = 08C93CCC23269EC700B761AA /* Project 0 */;
			targetProxy = 08C93CE223269EC800B761AA /* PBXContainerItemProxy */;
		};
		08C93CEE23269EC800B761AA /* PBXTargetDependency */ = {
			isa = PBXTargetDependency;
			target = 08C93CCC23269EC700B761AA /* Project 0 */;
			targetProxy = 08C93CED23269EC800B761AA /* PBXContainerItemProxy */;
		};
/* End PBXTargetDependency section */

/* Begin PBXVariantGroup section */
		08C93CD423269EC700B761AA /* Main.storyboard */ = {
			isa = PBXVariantGroup;
			children = (
				08C93CD523269EC700B761AA /* Base */,
			);
			indentWidth = 40;
			name = Main.storyboard;
			sourceTree = "<group>";
			tabWidth = 40;
			usesTabs = 0;
		};
		08C93CD923269EC800B761AA /* LaunchScreen.storyboard */ = {
			isa = PBXVariantGroup;
			children = (
				08C93CDA23269EC800B761AA /* Base */,
			);
			name = LaunchScreen.storyboard;
			sourceTree = "<group>";
		};
/* End PBXVariantGroup section */

/* Begin XCBuildConfiguration section */
		08C93CF323269EC800B761AA /* Debug */ = {
			isa = XCBuildConfiguration;
			buildSettings = {
				ALWAYS_SEARCH_USER_PATHS = NO;
				CLANG_ANALYZER_NONNULL = YES;
				CLANG_ANALYZER_NUMBER_OBJECT_CONVERSION = YES_AGGRESSIVE;
				CLANG_CXX_LANGUAGE_STANDARD = "gnu++14";
				CLANG_CXX_LIBRARY = "libc++";
				CLANG_ENABLE_MODULES = YES;
				CLANG_ENABLE_OBJC_ARC = YES;
				CLANG_ENABLE_OBJC_WEAK = YES;
				CLANG_WARN_BLOCK_CAPTURE_AUTORELEASING = YES;
				CLANG_WARN_BOOL_CONVERSION = YES;
				CLANG_WARN_COMMA = YES;
				CLANG_WARN_CONSTANT_CONVERSION = YES;
				CLANG_WARN_DEPRECATED_OBJC_IMPLEMENTATIONS = YES;
				CLANG_WARN_DIRECT_OBJC_ISA_USAGE = YES_ERROR;
				CLANG_WARN_DOCUMENTATION_COMMENTS = YES;
				CLANG_WARN_EMPTY_BODY = YES;
				CLANG_WARN_ENUM_CONVERSION = YES;
				CLANG_WARN_INFINITE_RECURSION = YES;
				CLANG_WARN_INT_CONVERSION = YES;
				CLANG_WARN_NON_LITERAL_NULL_CONVERSION = YES;
				CLANG_WARN_OBJC_IMPLICIT_RETAIN_SELF = YES;
				CLANG_WARN_OBJC_LITERAL_CONVERSION = YES;
				CLANG_WARN_OBJC_ROOT_CLASS = YES_ERROR;
				CLANG_WARN_RANGE_LOOP_ANALYSIS = YES;
				CLANG_WARN_STRICT_PROTOTYPES = YES;
				CLANG_WARN_SUSPICIOUS_MOVE = YES;
				CLANG_WARN_UNGUARDED_AVAILABILITY = YES_AGGRESSIVE;
				CLANG_WARN_UNREACHABLE_CODE = YES;
				CLANG_WARN__DUPLICATE_METHOD_MATCH = YES;
				CODE_SIGN_IDENTITY = "iPhone Developer";
				COPY_PHASE_STRIP = NO;
				DEBUG_INFORMATION_FORMAT = dwarf;
				ENABLE_STRICT_OBJC_MSGSEND = YES;
				ENABLE_TESTABILITY = YES;
				GCC_C_LANGUAGE_STANDARD = gnu11;
				GCC_DYNAMIC_NO_PIC = NO;
				GCC_NO_COMMON_BLOCKS = YES;
				GCC_OPTIMIZATION_LEVEL = 0;
				GCC_PREPROCESSOR_DEFINITIONS = (
					"DEBUG=1",
					"$(inherited)",
				);
				GCC_WARN_64_TO_32_BIT_CONVERSION = YES;
				GCC_WARN_ABOUT_RETURN_TYPE = YES_ERROR;
				GCC_WARN_UNDECLARED_SELECTOR = YES;
				GCC_WARN_UNINITIALIZED_AUTOS = YES_AGGRESSIVE;
				GCC_WARN_UNUSED_FUNCTION = YES;
				GCC_WARN_UNUSED_VARIABLE = YES;
				IPHONEOS_DEPLOYMENT_TARGET = 12.4;
				MTL_ENABLE_DEBUG_INFO = INCLUDE_SOURCE;
				MTL_FAST_MATH = YES;
				ONLY_ACTIVE_ARCH = YES;
				SDKROOT = iphoneos;
				SWIFT_ACTIVE_COMPILATION_CONDITIONS = DEBUG;
				SWIFT_OPTIMIZATION_LEVEL = "-Onone";
			};
			name = Debug;
		};
		08C93CF423269EC800B761AA /* Release */ = {
			isa = XCBuildConfiguration;
			buildSettings = {
				ALWAYS_SEARCH_USER_PATHS = NO;
				CLANG_ANALYZER_NONNULL = YES;
				CLANG_ANALYZER_NUMBER_OBJECT_CONVERSION = YES_AGGRESSIVE;
				CLANG_CXX_LANGUAGE_STANDARD = "gnu++14";
				CLANG_CXX_LIBRARY = "libc++";
				CLANG_ENABLE_MODULES = YES;
				CLANG_ENABLE_OBJC_ARC = YES;
				CLANG_ENABLE_OBJC_WEAK = YES;
				CLANG_WARN_BLOCK_CAPTURE_AUTORELEASING = YES;
				CLANG_WARN_BOOL_CONVERSION = YES;
				CLANG_WARN_COMMA = YES;
				CLANG_WARN_CONSTANT_CONVERSION = YES;
				CLANG_WARN_DEPRECATED_OBJC_IMPLEMENTATIONS = YES;
				CLANG_WARN_DIRECT_OBJC_ISA_USAGE = YES_ERROR;
				CLANG_WARN_DOCUMENTATION_COMMENTS = YES;
				CLANG_WARN_EMPTY_BODY = YES;
				CLANG_WARN_ENUM_CONVERSION = YES;
				CLANG_WARN_INFINITE_RECURSION = YES;
				CLANG_WARN_INT_CONVERSION = YES;
				CLANG_WARN_NON_LITERAL_NULL_CONVERSION = YES;
				CLANG_WARN_OBJC_IMPLICIT_RETAIN_SELF = YES;
				CLANG_WARN_OBJC_LITERAL_CONVERSION = YES;
				CLANG_WARN_OBJC_ROOT_CLASS = YES_ERROR;
				CLANG_WARN_RANGE_LOOP_ANALYSIS = YES;
				CLANG_WARN_STRICT_PROTOTYPES = YES;
				CLANG_WARN_SUSPICIOUS_MOVE = YES;
				CLANG_WARN_UNGUARDED_AVAILABILITY = YES_AGGRESSIVE;
				CLANG_WARN_UNREACHABLE_CODE = YES;
				CLANG_WARN__DUPLICATE_METHOD_MATCH = YES;
				CODE_SIGN_IDENTITY = "iPhone Developer";
				COPY_PHASE_STRIP = NO;
				DEBUG_INFORMATION_FORMAT = "dwarf-with-dsym";
				ENABLE_NS_ASSERTIONS = NO;
				ENABLE_STRICT_OBJC_MSGSEND = YES;
				GCC_C_LANGUAGE_STANDARD = gnu11;
				GCC_NO_COMMON_BLOCKS = YES;
				GCC_WARN_64_TO_32_BIT_CONVERSION = YES;
				GCC_WARN_ABOUT_RETURN_TYPE = YES_ERROR;
				GCC_WARN_UNDECLARED_SELECTOR = YES;
				GCC_WARN_UNINITIALIZED_AUTOS = YES_AGGRESSIVE;
				GCC_WARN_UNUSED_FUNCTION = YES;
				GCC_WARN_UNUSED_VARIABLE = YES;
				IPHONEOS_DEPLOYMENT_TARGET = 12.4;
				MTL_ENABLE_DEBUG_INFO = NO;
				MTL_FAST_MATH = YES;
				SDKROOT = iphoneos;
				SWIFT_COMPILATION_MODE = wholemodule;
				SWIFT_OPTIMIZATION_LEVEL = "-O";
				VALIDATE_PRODUCT = YES;
			};
			name = Release;
		};
		08C93CF623269EC800B761AA /* Debug */ = {
			isa = XCBuildConfiguration;
			buildSettings = {
				ASSETCATALOG_COMPILER_APPICON_NAME = AppIcon;
				CODE_SIGN_STYLE = Automatic;
				INFOPLIST_FILE = "Project 0/Info.plist";
				LD_RUNPATH_SEARCH_PATHS = (
					"$(inherited)",
					"@executable_path/Frameworks",
				);
				PRODUCT_BUNDLE_IDENTIFIER = "com.wtlm2013.Project-0";
				PRODUCT_NAME = Scoutradioz;
				SWIFT_VERSION = 5.0;
				TARGETED_DEVICE_FAMILY = "1,2";
			};
			name = Debug;
		};
		08C93CF723269EC800B761AA /* Release */ = {
			isa = XCBuildConfiguration;
			buildSettings = {
				ASSETCATALOG_COMPILER_APPICON_NAME = AppIcon;
				CODE_SIGN_STYLE = Automatic;
				INFOPLIST_FILE = "Project 0/Info.plist";
				LD_RUNPATH_SEARCH_PATHS = (
					"$(inherited)",
					"@executable_path/Frameworks",
				);
				PRODUCT_BUNDLE_IDENTIFIER = "com.wtlm2013.Project-0";
				PRODUCT_NAME = Scoutradioz;
				SWIFT_VERSION = 5.0;
				TARGETED_DEVICE_FAMILY = "1,2";
			};
			name = Release;
		};
		08C93CF923269EC800B761AA /* Debug */ = {
			isa = XCBuildConfiguration;
			buildSettings = {
				ALWAYS_EMBED_SWIFT_STANDARD_LIBRARIES = YES;
				BUNDLE_LOADER = "$(TEST_HOST)";
				CODE_SIGN_STYLE = Automatic;
				INFOPLIST_FILE = "Project 0Tests/Info.plist";
				LD_RUNPATH_SEARCH_PATHS = (
					"$(inherited)",
					"@executable_path/Frameworks",
					"@loader_path/Frameworks",
				);
				PRODUCT_BUNDLE_IDENTIFIER = "com.wtlm2013.Project-0Tests";
				PRODUCT_NAME = "$(TARGET_NAME)";
				SWIFT_VERSION = 5.0;
				TARGETED_DEVICE_FAMILY = "1,2";
				TEST_HOST = "$(BUILT_PRODUCTS_DIR)/Project 0.app/Project 0";
			};
			name = Debug;
		};
		08C93CFA23269EC800B761AA /* Release */ = {
			isa = XCBuildConfiguration;
			buildSettings = {
				ALWAYS_EMBED_SWIFT_STANDARD_LIBRARIES = YES;
				BUNDLE_LOADER = "$(TEST_HOST)";
				CODE_SIGN_STYLE = Automatic;
				INFOPLIST_FILE = "Project 0Tests/Info.plist";
				LD_RUNPATH_SEARCH_PATHS = (
					"$(inherited)",
					"@executable_path/Frameworks",
					"@loader_path/Frameworks",
				);
				PRODUCT_BUNDLE_IDENTIFIER = "com.wtlm2013.Project-0Tests";
				PRODUCT_NAME = "$(TARGET_NAME)";
				SWIFT_VERSION = 5.0;
				TARGETED_DEVICE_FAMILY = "1,2";
				TEST_HOST = "$(BUILT_PRODUCTS_DIR)/Project 0.app/Project 0";
			};
			name = Release;
		};
		08C93CFC23269EC800B761AA /* Debug */ = {
			isa = XCBuildConfiguration;
			buildSettings = {
				ALWAYS_EMBED_SWIFT_STANDARD_LIBRARIES = YES;
				CODE_SIGN_STYLE = Automatic;
				INFOPLIST_FILE = "Project 0UITests/Info.plist";
				LD_RUNPATH_SEARCH_PATHS = (
					"$(inherited)",
					"@executable_path/Frameworks",
					"@loader_path/Frameworks",
				);
				PRODUCT_BUNDLE_IDENTIFIER = "com.wtlm2013.Project-0UITests";
				PRODUCT_NAME = "$(TARGET_NAME)";
				SWIFT_VERSION = 5.0;
				TARGETED_DEVICE_FAMILY = "1,2";
				TEST_TARGET_NAME = "Project 0";
			};
			name = Debug;
		};
		08C93CFD23269EC800B761AA /* Release */ = {
			isa = XCBuildConfiguration;
			buildSettings = {
				ALWAYS_EMBED_SWIFT_STANDARD_LIBRARIES = YES;
				CODE_SIGN_STYLE = Automatic;
				INFOPLIST_FILE = "Project 0UITests/Info.plist";
				LD_RUNPATH_SEARCH_PATHS = (
					"$(inherited)",
					"@executable_path/Frameworks",
					"@loader_path/Frameworks",
				);
				PRODUCT_BUNDLE_IDENTIFIER = "com.wtlm2013.Project-0UITests";
				PRODUCT_NAME = "$(TARGET_NAME)";
				SWIFT_VERSION = 5.0;
				TARGETED_DEVICE_FAMILY = "1,2";
				TEST_TARGET_NAME = "Project 0";
			};
			name = Release;
		};
/* End XCBuildConfiguration section */

/* Begin XCConfigurationList section */
		08C93CC823269EC700B761AA /* Build configuration list for PBXProject "Project 0" */ = {
			isa = XCConfigurationList;
			buildConfigurations = (
				08C93CF323269EC800B761AA /* Debug */,
				08C93CF423269EC800B761AA /* Release */,
			);
			defaultConfigurationIsVisible = 0;
			defaultConfigurationName = Release;
		};
		08C93CF523269EC800B761AA /* Build configuration list for PBXNativeTarget "Project 0" */ = {
			isa = XCConfigurationList;
			buildConfigurations = (
				08C93CF623269EC800B761AA /* Debug */,
				08C93CF723269EC800B761AA /* Release */,
			);
			defaultConfigurationIsVisible = 0;
			defaultConfigurationName = Release;
		};
		08C93CF823269EC800B761AA /* Build configuration list for PBXNativeTarget "Project 0Tests" */ = {
			isa = XCConfigurationList;
			buildConfigurations = (
				08C93CF923269EC800B761AA /* Debug */,
				08C93CFA23269EC800B761AA /* Release */,
			);
			defaultConfigurationIsVisible = 0;
			defaultConfigurationName = Release;
		};
		08C93CFB23269EC800B761AA /* Build configuration list for PBXNativeTarget "Project 0UITests" */ = {
			isa = XCConfigurationList;
			buildConfigurations = (
				08C93CFC23269EC800B761AA /* Debug */,
				08C93CFD23269EC800B761AA /* Release */,
			);
			defaultConfigurationIsVisible = 0;
			defaultConfigurationName = Release;
		};
/* End XCConfigurationList section */
	};
	rootObject = 08C93CC523269EC700B761AA /* Project object */;
}
